
Microsoft Visual Studio Solution File, Format Version 12.00
# Visual Studio Version 17
VisualStudioVersion = 17.8.34316.72
MinimumVisualStudioVersion = 10.0.40219.1
Project("{FAE04EC0-301F-11D3-BF4B-00C04F79EFBC}") = "BarberShop", "BarberShop\BarberShop.csproj", "{6C553A89-42B7-4B1D-B7FC-7DDF1D1A76C9}"
EndProject
Global
	GlobalSection(SolutionConfigurationPlatforms) = preSolution
		Debug|Any CPU = Debug|Any CPU
		Release|Any CPU = Release|Any CPU
	EndGlobalSection
	GlobalSection(ProjectConfigurationPlatforms) = postSolution
		{6C553A89-42B7-4B1D-B7FC-7DDF1D1A76C9}.Debug|Any CPU.ActiveCfg = Debug|Any CPU
		{6C553A89-42B7-4B1D-B7FC-7DDF1D1A76C9}.Debug|Any CPU.Build.0 = Debug|Any CPU
		{6C553A89-42B7-4B1D-B7FC-7DDF1D1A76C9}.Release|Any CPU.ActiveCfg = Release|Any CPU
		{6C553A89-42B7-4B1D-B7FC-7DDF1D1A76C9}.Release|Any CPU.Build.0 = Release|Any CPU
	EndGlobalSection
	GlobalSection(SolutionProperties) = preSolution
		HideSolutionNode = FALSE
	EndGlobalSection
	GlobalSection(ExtensibilityGlobals) = postSolution
		SolutionGuid = {7C1E9117-0BC9-42D0-B712-A9FF162E5934}
	EndGlobalSection
EndGlobal
